
Microsoft Visual Studio Solution File, Format Version 12.00
# Visual Studio 14
VisualStudioVersion = 14.0.25420.1
MinimumVisualStudioVersion = 10.0.40219.1
Project("{FAE04EC0-301F-11D3-BF4B-00C04F79EFBC}") = "Market.Data", "Market.Data\Market.Data.csproj", "{D97700AF-FF01-4749-95D6-E12A00290A1D}"
EndProject
Project("{FAE04EC0-301F-11D3-BF4B-00C04F79EFBC}") = "Market.Console", "Market.Console\Market.Console.csproj", "{0A3BDDE3-452B-4C29-9F6C-C77374D5B696}"
EndProject
Global
	GlobalSection(SolutionConfigurationPlatforms) = preSolution
		Debug|Any CPU = Debug|Any CPU
		Release|Any CPU = Release|Any CPU
	EndGlobalSection
	GlobalSection(ProjectConfigurationPlatforms) = postSolution
		{D97700AF-FF01-4749-95D6-E12A00290A1D}.Debug|Any CPU.ActiveCfg = Debug|Any CPU
		{D97700AF-FF01-4749-95D6-E12A00290A1D}.Debug|Any CPU.Build.0 = Debug|Any CPU
		{D97700AF-FF01-4749-95D6-E12A00290A1D}.Release|Any CPU.ActiveCfg = Release|Any CPU
		{D97700AF-FF01-4749-95D6-E12A00290A1D}.Release|Any CPU.Build.0 = Release|Any CPU
		{0A3BDDE3-452B-4C29-9F6C-C77374D5B696}.Debug|Any CPU.ActiveCfg = Debug|Any CPU
		{0A3BDDE3-452B-4C29-9F6C-C77374D5B696}.Debug|Any CPU.Build.0 = Debug|Any CPU
		{0A3BDDE3-452B-4C29-9F6C-C77374D5B696}.Release|Any CPU.ActiveCfg = Release|Any CPU
		{0A3BDDE3-452B-4C29-9F6C-C77374D5B696}.Release|Any CPU.Build.0 = Release|Any CPU
	EndGlobalSection
	GlobalSection(SolutionProperties) = preSolution
		HideSolutionNode = FALSE
	EndGlobalSection
EndGlobal
